// !$*UTF8*$!
{
	archiveVersion = 1;
	classes = {
	};
	objectVersion = 55;
	objects = {

/* Begin PBXBuildFile section */
		DA2F157E28FD3CD700872A72 /* PageExport.swift in Sources */ = {isa = PBXBuildFile; fileRef = DA2F157D28FD3CD700872A72 /* PageExport.swift */; };
		DA2F158028FDB0C400872A72 /* Toast.swift in Sources */ = {isa = PBXBuildFile; fileRef = DA2F157F28FDB0C400872A72 /* Toast.swift */; };
		DA2F158528FEBC7900872A72 /* AlertTwoButton.swift in Sources */ = {isa = PBXBuildFile; fileRef = DA2F158428FEBC7900872A72 /* AlertTwoButton.swift */; };
		DA2F158728FEC00200872A72 /* Calendar.swift in Sources */ = {isa = PBXBuildFile; fileRef = DA2F158628FEC00200872A72 /* Calendar.swift */; };
		DA2F158928FED48100872A72 /* MonthlyDefaultView.swift in Sources */ = {isa = PBXBuildFile; fileRef = DA2F158828FED48100872A72 /* MonthlyDefaultView.swift */; };
		DA2F158D28FFD0CF00872A72 /* AppDelegate.swift in Sources */ = {isa = PBXBuildFile; fileRef = DA2F158C28FFD0CF00872A72 /* AppDelegate.swift */; };
		DA2F158F28FFD72C00872A72 /* CloudSharingController.swift in Sources */ = {isa = PBXBuildFile; fileRef = DA2F158E28FFD72C00872A72 /* CloudSharingController.swift */; };
		DA2F15912900EADD00872A72 /* Cloner.swift in Sources */ = {isa = PBXBuildFile; fileRef = DA2F15902900EADD00872A72 /* Cloner.swift */; };
		DA2F15932901625200872A72 /* SharingViewController.swift in Sources */ = {isa = PBXBuildFile; fileRef = DA2F15922901625200872A72 /* SharingViewController.swift */; };
		DA53F3AD28645AF6003D02EF /* FormkdiaryApp.swift in Sources */ = {isa = PBXBuildFile; fileRef = DA53F3AC28645AF6003D02EF /* FormkdiaryApp.swift */; };
		DA53F3AF28645AF6003D02EF /* ContentView.swift in Sources */ = {isa = PBXBuildFile; fileRef = DA53F3AE28645AF6003D02EF /* ContentView.swift */; };
		DA53F3B128645AF7003D02EF /* Assets.xcassets in Resources */ = {isa = PBXBuildFile; fileRef = DA53F3B028645AF7003D02EF /* Assets.xcassets */; };
		DA53F3B428645AF7003D02EF /* Preview Assets.xcassets in Resources */ = {isa = PBXBuildFile; fileRef = DA53F3B328645AF7003D02EF /* Preview Assets.xcassets */; };
		DA53F3B628645AF7003D02EF /* Persistence.swift in Sources */ = {isa = PBXBuildFile; fileRef = DA53F3B528645AF7003D02EF /* Persistence.swift */; };
		DA53F3C328645E05003D02EF /* PageMO+CoreDataClass.swift in Sources */ = {isa = PBXBuildFile; fileRef = DA53F3BF28645E05003D02EF /* PageMO+CoreDataClass.swift */; };
		DA53F3C428645E05003D02EF /* PageMO+CoreDataProperties.swift in Sources */ = {isa = PBXBuildFile; fileRef = DA53F3C028645E05003D02EF /* PageMO+CoreDataProperties.swift */; };
		DA53F3C528645E05003D02EF /* NoteMO+CoreDataClass.swift in Sources */ = {isa = PBXBuildFile; fileRef = DA53F3C128645E05003D02EF /* NoteMO+CoreDataClass.swift */; };
		DA53F3C628645E05003D02EF /* NoteMO+CoreDataProperties.swift in Sources */ = {isa = PBXBuildFile; fileRef = DA53F3C228645E05003D02EF /* NoteMO+CoreDataProperties.swift */; };
		DA53F3CF286462C4003D02EF /* DailyMO+CoreDataClass.swift in Sources */ = {isa = PBXBuildFile; fileRef = DA53F3C7286462C4003D02EF /* DailyMO+CoreDataClass.swift */; };
		DA53F3D0286462C4003D02EF /* DailyMO+CoreDataProperties.swift in Sources */ = {isa = PBXBuildFile; fileRef = DA53F3C8286462C4003D02EF /* DailyMO+CoreDataProperties.swift */; };
		DA53F3D3286462C4003D02EF /* MonthlyMO+CoreDataClass.swift in Sources */ = {isa = PBXBuildFile; fileRef = DA53F3CB286462C4003D02EF /* MonthlyMO+CoreDataClass.swift */; };
		DA53F3D4286462C4003D02EF /* MonthlyMO+CoreDataProperties.swift in Sources */ = {isa = PBXBuildFile; fileRef = DA53F3CC286462C4003D02EF /* MonthlyMO+CoreDataProperties.swift */; };
		DA53F3D5286462C4003D02EF /* MemoMO+CoreDataClass.swift in Sources */ = {isa = PBXBuildFile; fileRef = DA53F3CD286462C4003D02EF /* MemoMO+CoreDataClass.swift */; };
		DA53F3D6286462C4003D02EF /* MemoMO+CoreDataProperties.swift in Sources */ = {isa = PBXBuildFile; fileRef = DA53F3CE286462C4003D02EF /* MemoMO+CoreDataProperties.swift */; };
		DA53F3D8286472EE003D02EF /* MainView.swift in Sources */ = {isa = PBXBuildFile; fileRef = DA53F3D7286472EE003D02EF /* MainView.swift */; };
		DA53F3DA286474E1003D02EF /* NoteView.swift in Sources */ = {isa = PBXBuildFile; fileRef = DA53F3D9286474E1003D02EF /* NoteView.swift */; };
		DA53F3DC28647575003D02EF /* NoteAddView.swift in Sources */ = {isa = PBXBuildFile; fileRef = DA53F3DB28647575003D02EF /* NoteAddView.swift */; };
		DA53F3DE28649ACA003D02EF /* PageAddView.swift in Sources */ = {isa = PBXBuildFile; fileRef = DA53F3DD28649ACA003D02EF /* PageAddView.swift */; };
		DA53F3E2286EE3F8003D02EF /* PageSelectView.swift in Sources */ = {isa = PBXBuildFile; fileRef = DA53F3E1286EE3F8003D02EF /* PageSelectView.swift */; };
		DA53F3E6286EFB63003D02EF /* Extensions.swift in Sources */ = {isa = PBXBuildFile; fileRef = DA53F3E5286EFB63003D02EF /* Extensions.swift */; };
		DA76353A29030EDD00B94BA9 /* PageListView.swift in Sources */ = {isa = PBXBuildFile; fileRef = DA76353929030EDD00B94BA9 /* PageListView.swift */; };
		DA76353C290316ED00B94BA9 /* DragDrop.swift in Sources */ = {isa = PBXBuildFile; fileRef = DA76353B290316ED00B94BA9 /* DragDrop.swift */; };
		DA76353E290406DA00B94BA9 /* PageListEditView.swift in Sources */ = {isa = PBXBuildFile; fileRef = DA76353D290406DA00B94BA9 /* PageListEditView.swift */; };
		DAA0CD9429097C730022C570 /* TSET.swift in Sources */ = {isa = PBXBuildFile; fileRef = DAA0CD9329097C730022C570 /* TSET.swift */; };
		DAA0CD962909C4210022C570 /* KeyboardManager.swift in Sources */ = {isa = PBXBuildFile; fileRef = DAA0CD952909C4210022C570 /* KeyboardManager.swift */; };
		DAA0CD98290A014A0022C570 /* TextView.swift in Sources */ = {isa = PBXBuildFile; fileRef = DAA0CD97290A014A0022C570 /* TextView.swift */; };
		DAA0CD9A290A06580022C570 /* PhotoPicker.swift in Sources */ = {isa = PBXBuildFile; fileRef = DAA0CD99290A06580022C570 /* PhotoPicker.swift */; };
		DAA0CD9C290A248A0022C570 /* SettingView.swift in Sources */ = {isa = PBXBuildFile; fileRef = DAA0CD9B290A248A0022C570 /* SettingView.swift */; };
		DAA0CD9E290A4DB70022C570 /* SearchView.swift in Sources */ = {isa = PBXBuildFile; fileRef = DAA0CD9D290A4DB70022C570 /* SearchView.swift */; };
		DAA0CDA0290B48020022C570 /* ImageSlider.swift in Sources */ = {isa = PBXBuildFile; fileRef = DAA0CD9F290B48020022C570 /* ImageSlider.swift */; };
		DAABCBB428D1AA7600F8244E /* PageView.swift in Sources */ = {isa = PBXBuildFile; fileRef = DAABCBB328D1AA7600F8244E /* PageView.swift */; };
		DAD7226928D5C45A00CB0B7E /* NoteSettingView.swift in Sources */ = {isa = PBXBuildFile; fileRef = DAD7226828D5C45A00CB0B7E /* NoteSettingView.swift */; };
		DAD7227A28D600BA00CB0B7E /* ConstantData.swift in Sources */ = {isa = PBXBuildFile; fileRef = DAD7227928D600BA00CB0B7E /* ConstantData.swift */; };
		DAD7227C28D60D7D00CB0B7E /* PageAddCalView.swift in Sources */ = {isa = PBXBuildFile; fileRef = DAD7227B28D60D7D00CB0B7E /* PageAddCalView.swift */; };
		DAD9716328D30FB0002CABAC /* WeeklyMO+CoreDataClass.swift in Sources */ = {isa = PBXBuildFile; fileRef = DAD9716128D30FB0002CABAC /* WeeklyMO+CoreDataClass.swift */; };
		DAD9716428D30FB0002CABAC /* WeeklyMO+CoreDataProperties.swift in Sources */ = {isa = PBXBuildFile; fileRef = DAD9716228D30FB0002CABAC /* WeeklyMO+CoreDataProperties.swift */; };
		DAD9717328D3E4EF002CABAC /* Formkdiary.xcdatamodeld in Sources */ = {isa = PBXBuildFile; fileRef = DAD9717128D3E4EF002CABAC /* Formkdiary.xcdatamodeld */; };
		DAF4502128D8C026003C4900 /* WeeklyDefaultView.swift in Sources */ = {isa = PBXBuildFile; fileRef = DAF4502028D8C026003C4900 /* WeeklyDefaultView.swift */; };
		DAF4502328D8CA29003C4900 /* DailyViewWithoutPage.swift in Sources */ = {isa = PBXBuildFile; fileRef = DAF4502228D8CA29003C4900 /* DailyViewWithoutPage.swift */; };
		DAF4502528D970C9003C4900 /* MonthlyStyle.swift in Sources */ = {isa = PBXBuildFile; fileRef = DAF4502428D970C9003C4900 /* MonthlyStyle.swift */; };
		DAF4502728DC40CD003C4900 /* PageNavi.swift in Sources */ = {isa = PBXBuildFile; fileRef = DAF4502628DC40CD003C4900 /* PageNavi.swift */; };
		DAF4502928DF2620003C4900 /* DailyViewOnPage.swift in Sources */ = {isa = PBXBuildFile; fileRef = DAF4502828DF2620003C4900 /* DailyViewOnPage.swift */; };
		DAF4502C28DF28FC003C4900 /* MemoView.swift in Sources */ = {isa = PBXBuildFile; fileRef = DAF4502B28DF28FC003C4900 /* MemoView.swift */; };
/* End PBXBuildFile section */

/* Begin PBXFileReference section */
		DA2F157D28FD3CD700872A72 /* PageExport.swift */ = {isa = PBXFileReference; lastKnownFileType = sourcecode.swift; path = PageExport.swift; sourceTree = "<group>"; };
		DA2F157F28FDB0C400872A72 /* Toast.swift */ = {isa = PBXFileReference; lastKnownFileType = sourcecode.swift; path = Toast.swift; sourceTree = "<group>"; };
		DA2F158428FEBC7900872A72 /* AlertTwoButton.swift */ = {isa = PBXFileReference; lastKnownFileType = sourcecode.swift; path = AlertTwoButton.swift; sourceTree = "<group>"; };
		DA2F158628FEC00200872A72 /* Calendar.swift */ = {isa = PBXFileReference; lastKnownFileType = sourcecode.swift; path = Calendar.swift; sourceTree = "<group>"; };
		DA2F158828FED48100872A72 /* MonthlyDefaultView.swift */ = {isa = PBXFileReference; lastKnownFileType = sourcecode.swift; path = MonthlyDefaultView.swift; sourceTree = "<group>"; };
		DA2F158C28FFD0CF00872A72 /* AppDelegate.swift */ = {isa = PBXFileReference; lastKnownFileType = sourcecode.swift; path = AppDelegate.swift; sourceTree = "<group>"; };
		DA2F158E28FFD72C00872A72 /* CloudSharingController.swift */ = {isa = PBXFileReference; lastKnownFileType = sourcecode.swift; path = CloudSharingController.swift; sourceTree = "<group>"; };
		DA2F15902900EADD00872A72 /* Cloner.swift */ = {isa = PBXFileReference; lastKnownFileType = sourcecode.swift; path = Cloner.swift; sourceTree = "<group>"; };
		DA2F15922901625200872A72 /* SharingViewController.swift */ = {isa = PBXFileReference; lastKnownFileType = sourcecode.swift; path = SharingViewController.swift; sourceTree = "<group>"; };
		DA53F3A928645AF6003D02EF /* Formkdiary.app */ = {isa = PBXFileReference; explicitFileType = wrapper.application; includeInIndex = 0; path = Formkdiary.app; sourceTree = BUILT_PRODUCTS_DIR; };
		DA53F3AC28645AF6003D02EF /* FormkdiaryApp.swift */ = {isa = PBXFileReference; lastKnownFileType = sourcecode.swift; path = FormkdiaryApp.swift; sourceTree = "<group>"; };
		DA53F3AE28645AF6003D02EF /* ContentView.swift */ = {isa = PBXFileReference; lastKnownFileType = sourcecode.swift; path = ContentView.swift; sourceTree = "<group>"; };
		DA53F3B028645AF7003D02EF /* Assets.xcassets */ = {isa = PBXFileReference; lastKnownFileType = folder.assetcatalog; path = Assets.xcassets; sourceTree = "<group>"; };
		DA53F3B328645AF7003D02EF /* Preview Assets.xcassets */ = {isa = PBXFileReference; lastKnownFileType = folder.assetcatalog; path = "Preview Assets.xcassets"; sourceTree = "<group>"; };
		DA53F3B528645AF7003D02EF /* Persistence.swift */ = {isa = PBXFileReference; lastKnownFileType = sourcecode.swift; path = Persistence.swift; sourceTree = "<group>"; };
		DA53F3BF28645E05003D02EF /* PageMO+CoreDataClass.swift */ = {isa = PBXFileReference; lastKnownFileType = sourcecode.swift; path = "PageMO+CoreDataClass.swift"; sourceTree = "<group>"; };
		DA53F3C028645E05003D02EF /* PageMO+CoreDataProperties.swift */ = {isa = PBXFileReference; lastKnownFileType = sourcecode.swift; path = "PageMO+CoreDataProperties.swift"; sourceTree = "<group>"; };
		DA53F3C128645E05003D02EF /* NoteMO+CoreDataClass.swift */ = {isa = PBXFileReference; lastKnownFileType = sourcecode.swift; path = "NoteMO+CoreDataClass.swift"; sourceTree = "<group>"; };
		DA53F3C228645E05003D02EF /* NoteMO+CoreDataProperties.swift */ = {isa = PBXFileReference; lastKnownFileType = sourcecode.swift; path = "NoteMO+CoreDataProperties.swift"; sourceTree = "<group>"; };
		DA53F3C7286462C4003D02EF /* DailyMO+CoreDataClass.swift */ = {isa = PBXFileReference; lastKnownFileType = sourcecode.swift; path = "DailyMO+CoreDataClass.swift"; sourceTree = "<group>"; };
		DA53F3C8286462C4003D02EF /* DailyMO+CoreDataProperties.swift */ = {isa = PBXFileReference; lastKnownFileType = sourcecode.swift; path = "DailyMO+CoreDataProperties.swift"; sourceTree = "<group>"; };
		DA53F3CB286462C4003D02EF /* MonthlyMO+CoreDataClass.swift */ = {isa = PBXFileReference; lastKnownFileType = sourcecode.swift; path = "MonthlyMO+CoreDataClass.swift"; sourceTree = "<group>"; };
		DA53F3CC286462C4003D02EF /* MonthlyMO+CoreDataProperties.swift */ = {isa = PBXFileReference; lastKnownFileType = sourcecode.swift; path = "MonthlyMO+CoreDataProperties.swift"; sourceTree = "<group>"; };
		DA53F3CD286462C4003D02EF /* MemoMO+CoreDataClass.swift */ = {isa = PBXFileReference; lastKnownFileType = sourcecode.swift; path = "MemoMO+CoreDataClass.swift"; sourceTree = "<group>"; };
		DA53F3CE286462C4003D02EF /* MemoMO+CoreDataProperties.swift */ = {isa = PBXFileReference; lastKnownFileType = sourcecode.swift; path = "MemoMO+CoreDataProperties.swift"; sourceTree = "<group>"; };
		DA53F3D7286472EE003D02EF /* MainView.swift */ = {isa = PBXFileReference; lastKnownFileType = sourcecode.swift; path = MainView.swift; sourceTree = "<group>"; };
		DA53F3D9286474E1003D02EF /* NoteView.swift */ = {isa = PBXFileReference; lastKnownFileType = sourcecode.swift; path = NoteView.swift; sourceTree = "<group>"; };
		DA53F3DB28647575003D02EF /* NoteAddView.swift */ = {isa = PBXFileReference; lastKnownFileType = sourcecode.swift; path = NoteAddView.swift; sourceTree = "<group>"; };
		DA53F3DD28649ACA003D02EF /* PageAddView.swift */ = {isa = PBXFileReference; lastKnownFileType = sourcecode.swift; path = PageAddView.swift; sourceTree = "<group>"; };
		DA53F3E1286EE3F8003D02EF /* PageSelectView.swift */ = {isa = PBXFileReference; lastKnownFileType = sourcecode.swift; path = PageSelectView.swift; sourceTree = "<group>"; };
		DA53F3E5286EFB63003D02EF /* Extensions.swift */ = {isa = PBXFileReference; lastKnownFileType = sourcecode.swift; path = Extensions.swift; sourceTree = "<group>"; };
		DA76353929030EDD00B94BA9 /* PageListView.swift */ = {isa = PBXFileReference; lastKnownFileType = sourcecode.swift; path = PageListView.swift; sourceTree = "<group>"; };
		DA76353B290316ED00B94BA9 /* DragDrop.swift */ = {isa = PBXFileReference; lastKnownFileType = sourcecode.swift; path = DragDrop.swift; sourceTree = "<group>"; };
		DA76353D290406DA00B94BA9 /* PageListEditView.swift */ = {isa = PBXFileReference; lastKnownFileType = sourcecode.swift; path = PageListEditView.swift; sourceTree = "<group>"; };
		DAA0CD9329097C730022C570 /* TSET.swift */ = {isa = PBXFileReference; lastKnownFileType = sourcecode.swift; path = TSET.swift; sourceTree = "<group>"; };
		DAA0CD952909C4210022C570 /* KeyboardManager.swift */ = {isa = PBXFileReference; lastKnownFileType = sourcecode.swift; path = KeyboardManager.swift; sourceTree = "<group>"; };
		DAA0CD97290A014A0022C570 /* TextView.swift */ = {isa = PBXFileReference; lastKnownFileType = sourcecode.swift; path = TextView.swift; sourceTree = "<group>"; };
		DAA0CD99290A06580022C570 /* PhotoPicker.swift */ = {isa = PBXFileReference; lastKnownFileType = sourcecode.swift; path = PhotoPicker.swift; sourceTree = "<group>"; };
		DAA0CD9B290A248A0022C570 /* SettingView.swift */ = {isa = PBXFileReference; lastKnownFileType = sourcecode.swift; path = SettingView.swift; sourceTree = "<group>"; };
		DAA0CD9D290A4DB70022C570 /* SearchView.swift */ = {isa = PBXFileReference; lastKnownFileType = sourcecode.swift; path = SearchView.swift; sourceTree = "<group>"; };
		DAA0CD9F290B48020022C570 /* ImageSlider.swift */ = {isa = PBXFileReference; lastKnownFileType = sourcecode.swift; path = ImageSlider.swift; sourceTree = "<group>"; };
		DAABCBB328D1AA7600F8244E /* PageView.swift */ = {isa = PBXFileReference; lastKnownFileType = sourcecode.swift; path = PageView.swift; sourceTree = "<group>"; };
		DAD7226828D5C45A00CB0B7E /* NoteSettingView.swift */ = {isa = PBXFileReference; lastKnownFileType = sourcecode.swift; path = NoteSettingView.swift; sourceTree = "<group>"; };
		DAD7227928D600BA00CB0B7E /* ConstantData.swift */ = {isa = PBXFileReference; lastKnownFileType = sourcecode.swift; path = ConstantData.swift; sourceTree = "<group>"; };
		DAD7227B28D60D7D00CB0B7E /* PageAddCalView.swift */ = {isa = PBXFileReference; lastKnownFileType = sourcecode.swift; path = PageAddCalView.swift; sourceTree = "<group>"; };
		DAD9715F28D30DBC002CABAC /* Formkdiary.entitlements */ = {isa = PBXFileReference; lastKnownFileType = text.plist.entitlements; path = Formkdiary.entitlements; sourceTree = "<group>"; };
		DAD9716028D30E7D002CABAC /* Info.plist */ = {isa = PBXFileReference; lastKnownFileType = text.plist; path = Info.plist; sourceTree = "<group>"; };
		DAD9716128D30FB0002CABAC /* WeeklyMO+CoreDataClass.swift */ = {isa = PBXFileReference; lastKnownFileType = sourcecode.swift; path = "WeeklyMO+CoreDataClass.swift"; sourceTree = "<group>"; };
		DAD9716228D30FB0002CABAC /* WeeklyMO+CoreDataProperties.swift */ = {isa = PBXFileReference; lastKnownFileType = sourcecode.swift; path = "WeeklyMO+CoreDataProperties.swift"; sourceTree = "<group>"; };
		DAD9717228D3E4EF002CABAC /* Formkdiary.xcdatamodel */ = {isa = PBXFileReference; lastKnownFileType = wrapper.xcdatamodel; path = Formkdiary.xcdatamodel; sourceTree = "<group>"; };
		DAF4502028D8C026003C4900 /* WeeklyDefaultView.swift */ = {isa = PBXFileReference; lastKnownFileType = sourcecode.swift; path = WeeklyDefaultView.swift; sourceTree = "<group>"; };
		DAF4502228D8CA29003C4900 /* DailyViewWithoutPage.swift */ = {isa = PBXFileReference; lastKnownFileType = sourcecode.swift; path = DailyViewWithoutPage.swift; sourceTree = "<group>"; };
		DAF4502428D970C9003C4900 /* MonthlyStyle.swift */ = {isa = PBXFileReference; lastKnownFileType = sourcecode.swift; path = MonthlyStyle.swift; sourceTree = "<group>"; };
		DAF4502628DC40CD003C4900 /* PageNavi.swift */ = {isa = PBXFileReference; lastKnownFileType = sourcecode.swift; path = PageNavi.swift; sourceTree = "<group>"; };
		DAF4502828DF2620003C4900 /* DailyViewOnPage.swift */ = {isa = PBXFileReference; lastKnownFileType = sourcecode.swift; path = DailyViewOnPage.swift; sourceTree = "<group>"; };
		DAF4502B28DF28FC003C4900 /* MemoView.swift */ = {isa = PBXFileReference; lastKnownFileType = sourcecode.swift; path = MemoView.swift; sourceTree = "<group>"; };
/* End PBXFileReference section */

/* Begin PBXFrameworksBuildPhase section */
		DA53F3A628645AF6003D02EF /* Frameworks */ = {
			isa = PBXFrameworksBuildPhase;
			buildActionMask = 2147483647;
			files = (
			);
			runOnlyForDeploymentPostprocessing = 0;
		};
/* End PBXFrameworksBuildPhase section */

/* Begin PBXGroup section */
		DA2F158328FDBE4600872A72 /* Process */ = {
			isa = PBXGroup;
			children = (
				DA2F157D28FD3CD700872A72 /* PageExport.swift */,
				DA2F15902900EADD00872A72 /* Cloner.swift */,
				DA2F157F28FDB0C400872A72 /* Toast.swift */,
				DA2F158428FEBC7900872A72 /* AlertTwoButton.swift */,
				DA2F15922901625200872A72 /* SharingViewController.swift */,
				DAA0CD99290A06580022C570 /* PhotoPicker.swift */,
				DA2F158628FEC00200872A72 /* Calendar.swift */,
				DAA0CD97290A014A0022C570 /* TextView.swift */,
				DA76353B290316ED00B94BA9 /* DragDrop.swift */,
				DAA0CD952909C4210022C570 /* KeyboardManager.swift */,
			);
			path = Process;
			sourceTree = "<group>";
		};
		DA53F3A028645AF6003D02EF = {
			isa = PBXGroup;
			children = (
				DAD9716128D30FB0002CABAC /* WeeklyMO+CoreDataClass.swift */,
				DAD9716228D30FB0002CABAC /* WeeklyMO+CoreDataProperties.swift */,
				DA53F3C7286462C4003D02EF /* DailyMO+CoreDataClass.swift */,
				DA53F3C8286462C4003D02EF /* DailyMO+CoreDataProperties.swift */,
				DA53F3CB286462C4003D02EF /* MonthlyMO+CoreDataClass.swift */,
				DA53F3CC286462C4003D02EF /* MonthlyMO+CoreDataProperties.swift */,
				DA53F3CD286462C4003D02EF /* MemoMO+CoreDataClass.swift */,
				DA53F3CE286462C4003D02EF /* MemoMO+CoreDataProperties.swift */,
				DA53F3BF28645E05003D02EF /* PageMO+CoreDataClass.swift */,
				DA53F3C028645E05003D02EF /* PageMO+CoreDataProperties.swift */,
				DA53F3C128645E05003D02EF /* NoteMO+CoreDataClass.swift */,
				DA53F3C228645E05003D02EF /* NoteMO+CoreDataProperties.swift */,
				DA53F3AB28645AF6003D02EF /* Formkdiary */,
				DA53F3AA28645AF6003D02EF /* Products */,
			);
			sourceTree = "<group>";
		};
		DA53F3AA28645AF6003D02EF /* Products */ = {
			isa = PBXGroup;
			children = (
				DA53F3A928645AF6003D02EF /* Formkdiary.app */,
			);
			name = Products;
			sourceTree = "<group>";
		};
		DA53F3AB28645AF6003D02EF /* Formkdiary */ = {
			isa = PBXGroup;
			children = (
				DA2F158328FDBE4600872A72 /* Process */,
				DAD9716028D30E7D002CABAC /* Info.plist */,
				DAD9715F28D30DBC002CABAC /* Formkdiary.entitlements */,
				DA53F3E5286EFB63003D02EF /* Extensions.swift */,
				DA53F3AC28645AF6003D02EF /* FormkdiaryApp.swift */,
				DA2F158C28FFD0CF00872A72 /* AppDelegate.swift */,
				DA53F3AE28645AF6003D02EF /* ContentView.swift */,
				DAD7226B28D5E84C00CB0B7E /* Home */,
				DAD7226A28D5E83600CB0B7E /* Note */,
				DAD7226D28D5E85E00CB0B7E /* Page */,
				DAD7226C28D5E85700CB0B7E /* Monthly */,
				DAD7226F28D5E88E00CB0B7E /* Weekly */,
				DAD7227028D5E8AF00CB0B7E /* Daily */,
				DAF4502A28DF28F1003C4900 /* Memo */,
				DAD7227928D600BA00CB0B7E /* ConstantData.swift */,
				DA53F3B028645AF7003D02EF /* Assets.xcassets */,
				DA53F3B528645AF7003D02EF /* Persistence.swift */,
				DA2F158E28FFD72C00872A72 /* CloudSharingController.swift */,
				DAD9717128D3E4EF002CABAC /* Formkdiary.xcdatamodeld */,
				DA53F3B228645AF7003D02EF /* Preview Content */,
			);
			path = Formkdiary;
			sourceTree = "<group>";
		};
		DA53F3B228645AF7003D02EF /* Preview Content */ = {
			isa = PBXGroup;
			children = (
				DA53F3B328645AF7003D02EF /* Preview Assets.xcassets */,
			);
			path = "Preview Content";
			sourceTree = "<group>";
		};
		DAD7226A28D5E83600CB0B7E /* Note */ = {
			isa = PBXGroup;
			children = (
				DA53F3D9286474E1003D02EF /* NoteView.swift */,
				DAD7226828D5C45A00CB0B7E /* NoteSettingView.swift */,
			);
			path = Note;
			sourceTree = "<group>";
		};
		DAD7226B28D5E84C00CB0B7E /* Home */ = {
			isa = PBXGroup;
			children = (
				DA53F3D7286472EE003D02EF /* MainView.swift */,
				DAA0CD9B290A248A0022C570 /* SettingView.swift */,
				DA53F3DB28647575003D02EF /* NoteAddView.swift */,
				DAA0CD9D290A4DB70022C570 /* SearchView.swift */,
			);
			path = Home;
			sourceTree = "<group>";
		};
		DAD7226C28D5E85700CB0B7E /* Monthly */ = {
			isa = PBXGroup;
			children = (
				DA2F158828FED48100872A72 /* MonthlyDefaultView.swift */,
			);
			path = Monthly;
			sourceTree = "<group>";
		};
		DAD7226D28D5E85E00CB0B7E /* Page */ = {
			isa = PBXGroup;
			children = (
				DA53F3E1286EE3F8003D02EF /* PageSelectView.swift */,
				DAD7226E28D5E87200CB0B7E /* PageAdd */,
				DAABCBB328D1AA7600F8244E /* PageView.swift */,
				DAF4502628DC40CD003C4900 /* PageNavi.swift */,
				DA76353929030EDD00B94BA9 /* PageListView.swift */,
				DAA0CD9329097C730022C570 /* TSET.swift */,
				DA76353D290406DA00B94BA9 /* PageListEditView.swift */,
			);
			path = Page;
			sourceTree = "<group>";
		};
		DAD7226E28D5E87200CB0B7E /* PageAdd */ = {
			isa = PBXGroup;
			children = (
				DA53F3DD28649ACA003D02EF /* PageAddView.swift */,
				DAD7227B28D60D7D00CB0B7E /* PageAddCalView.swift */,
			);
			path = PageAdd;
			sourceTree = "<group>";
		};
		DAD7226F28D5E88E00CB0B7E /* Weekly */ = {
			isa = PBXGroup;
			children = (
				DAF4502028D8C026003C4900 /* WeeklyDefaultView.swift */,
				DAF4502428D970C9003C4900 /* MonthlyStyle.swift */,
			);
			path = Weekly;
			sourceTree = "<group>";
		};
		DAD7227028D5E8AF00CB0B7E /* Daily */ = {
			isa = PBXGroup;
			children = (
				DAF4502228D8CA29003C4900 /* DailyViewWithoutPage.swift */,
				DAF4502828DF2620003C4900 /* DailyViewOnPage.swift */,
				DAA0CD9F290B48020022C570 /* ImageSlider.swift */,
			);
			path = Daily;
			sourceTree = "<group>";
		};
		DAF4502A28DF28F1003C4900 /* Memo */ = {
			isa = PBXGroup;
			children = (
				DAF4502B28DF28FC003C4900 /* MemoView.swift */,
			);
			path = Memo;
			sourceTree = "<group>";
		};
/* End PBXGroup section */

/* Begin PBXNativeTarget section */
		DA53F3A828645AF6003D02EF /* Formkdiary */ = {
			isa = PBXNativeTarget;
			buildConfigurationList = DA53F3BC28645AF7003D02EF /* Build configuration list for PBXNativeTarget "Formkdiary" */;
			buildPhases = (
				DA53F3A528645AF6003D02EF /* Sources */,
				DA53F3A628645AF6003D02EF /* Frameworks */,
				DA53F3A728645AF6003D02EF /* Resources */,
			);
			buildRules = (
			);
			dependencies = (
			);
			name = Formkdiary;
			packageProductDependencies = (
			);
			productName = Formkdiary;
			productReference = DA53F3A928645AF6003D02EF /* Formkdiary.app */;
			productType = "com.apple.product-type.application";
		};
/* End PBXNativeTarget section */

/* Begin PBXProject section */
		DA53F3A128645AF6003D02EF /* Project object */ = {
			isa = PBXProject;
			attributes = {
				BuildIndependentTargetsInParallel = 1;
				LastSwiftUpdateCheck = 1330;
				LastUpgradeCheck = 1330;
				TargetAttributes = {
					DA53F3A828645AF6003D02EF = {
						CreatedOnToolsVersion = 13.3;
					};
				};
			};
			buildConfigurationList = DA53F3A428645AF6003D02EF /* Build configuration list for PBXProject "Formkdiary" */;
			compatibilityVersion = "Xcode 13.0";
			developmentRegion = en;
			hasScannedForEncodings = 0;
			knownRegions = (
				en,
				Base,
			);
			mainGroup = DA53F3A028645AF6003D02EF;
			packageReferences = (
			);
			productRefGroup = DA53F3AA28645AF6003D02EF /* Products */;
			projectDirPath = "";
			projectRoot = "";
			targets = (
				DA53F3A828645AF6003D02EF /* Formkdiary */,
			);
		};
/* End PBXProject section */

/* Begin PBXResourcesBuildPhase section */
		DA53F3A728645AF6003D02EF /* Resources */ = {
			isa = PBXResourcesBuildPhase;
			buildActionMask = 2147483647;
			files = (
				DA53F3B428645AF7003D02EF /* Preview Assets.xcassets in Resources */,
				DA53F3B128645AF7003D02EF /* Assets.xcassets in Resources */,
			);
			runOnlyForDeploymentPostprocessing = 0;
		};
/* End PBXResourcesBuildPhase section */

/* Begin PBXSourcesBuildPhase section */
		DA53F3A528645AF6003D02EF /* Sources */ = {
			isa = PBXSourcesBuildPhase;
			buildActionMask = 2147483647;
			files = (
				DAA0CD9A290A06580022C570 /* PhotoPicker.swift in Sources */,
				DA2F158028FDB0C400872A72 /* Toast.swift in Sources */,
				DAF4502928DF2620003C4900 /* DailyViewOnPage.swift in Sources */,
				DA2F158528FEBC7900872A72 /* AlertTwoButton.swift in Sources */,
				DAD9716428D30FB0002CABAC /* WeeklyMO+CoreDataProperties.swift in Sources */,
				DAD7227A28D600BA00CB0B7E /* ConstantData.swift in Sources */,
				DA53F3E2286EE3F8003D02EF /* PageSelectView.swift in Sources */,
				DA53F3D0286462C4003D02EF /* DailyMO+CoreDataProperties.swift in Sources */,
				DA76353E290406DA00B94BA9 /* PageListEditView.swift in Sources */,
				DAA0CD98290A014A0022C570 /* TextView.swift in Sources */,
				DA2F15932901625200872A72 /* SharingViewController.swift in Sources */,
				DAA0CDA0290B48020022C570 /* ImageSlider.swift in Sources */,
				DA53F3D5286462C4003D02EF /* MemoMO+CoreDataClass.swift in Sources */,
				DA53F3C428645E05003D02EF /* PageMO+CoreDataProperties.swift in Sources */,
				DA2F15912900EADD00872A72 /* Cloner.swift in Sources */,
				DAABCBB428D1AA7600F8244E /* PageView.swift in Sources */,
				DA53F3B628645AF7003D02EF /* Persistence.swift in Sources */,
				DA53F3AF28645AF6003D02EF /* ContentView.swift in Sources */,
				DA2F158928FED48100872A72 /* MonthlyDefaultView.swift in Sources */,
				DA53F3C328645E05003D02EF /* PageMO+CoreDataClass.swift in Sources */,
				DAF4502C28DF28FC003C4900 /* MemoView.swift in Sources */,
				DAF4502528D970C9003C4900 /* MonthlyStyle.swift in Sources */,
				DA53F3D3286462C4003D02EF /* MonthlyMO+CoreDataClass.swift in Sources */,
				DA53F3DA286474E1003D02EF /* NoteView.swift in Sources */,
				DA53F3D4286462C4003D02EF /* MonthlyMO+CoreDataProperties.swift in Sources */,
				DAD7227C28D60D7D00CB0B7E /* PageAddCalView.swift in Sources */,
				DAF4502328D8CA29003C4900 /* DailyViewWithoutPage.swift in Sources */,
				DA2F158D28FFD0CF00872A72 /* AppDelegate.swift in Sources */,
				DA53F3E6286EFB63003D02EF /* Extensions.swift in Sources */,
				DA53F3AD28645AF6003D02EF /* FormkdiaryApp.swift in Sources */,
				DA53F3DC28647575003D02EF /* NoteAddView.swift in Sources */,
				DA76353A29030EDD00B94BA9 /* PageListView.swift in Sources */,
				DAA0CD962909C4210022C570 /* KeyboardManager.swift in Sources */,
				DA53F3DE28649ACA003D02EF /* PageAddView.swift in Sources */,
				DAA0CD9429097C730022C570 /* TSET.swift in Sources */,
				DA53F3D8286472EE003D02EF /* MainView.swift in Sources */,
				DA2F157E28FD3CD700872A72 /* PageExport.swift in Sources */,
				DAD9716328D30FB0002CABAC /* WeeklyMO+CoreDataClass.swift in Sources */,
				DA53F3C528645E05003D02EF /* NoteMO+CoreDataClass.swift in Sources */,
				DAD9717328D3E4EF002CABAC /* Formkdiary.xcdatamodeld in Sources */,
				DAF4502728DC40CD003C4900 /* PageNavi.swift in Sources */,
				DAA0CD9E290A4DB70022C570 /* SearchView.swift in Sources */,
				DA53F3CF286462C4003D02EF /* DailyMO+CoreDataClass.swift in Sources */,
				DAF4502128D8C026003C4900 /* WeeklyDefaultView.swift in Sources */,
				DA53F3C628645E05003D02EF /* NoteMO+CoreDataProperties.swift in Sources */,
				DA2F158728FEC00200872A72 /* Calendar.swift in Sources */,
				DAD7226928D5C45A00CB0B7E /* NoteSettingView.swift in Sources */,
				DAA0CD9C290A248A0022C570 /* SettingView.swift in Sources */,
				DA76353C290316ED00B94BA9 /* DragDrop.swift in Sources */,
				DA2F158F28FFD72C00872A72 /* CloudSharingController.swift in Sources */,
				DA53F3D6286462C4003D02EF /* MemoMO+CoreDataProperties.swift in Sources */,
			);
			runOnlyForDeploymentPostprocessing = 0;
		};
/* End PBXSourcesBuildPhase section */

/* Begin XCBuildConfiguration section */
		DA53F3BA28645AF7003D02EF /* Debug */ = {
			isa = XCBuildConfiguration;
			buildSettings = {
				ALWAYS_SEARCH_USER_PATHS = NO;
				CLANG_ANALYZER_NONNULL = YES;
				CLANG_ANALYZER_NUMBER_OBJECT_CONVERSION = YES_AGGRESSIVE;
				CLANG_CXX_LANGUAGE_STANDARD = "gnu++17";
				CLANG_ENABLE_MODULES = YES;
				CLANG_ENABLE_OBJC_ARC = YES;
				CLANG_ENABLE_OBJC_WEAK = YES;
				CLANG_WARN_BLOCK_CAPTURE_AUTORELEASING = YES;
				CLANG_WARN_BOOL_CONVERSION = YES;
				CLANG_WARN_COMMA = YES;
				CLANG_WARN_CONSTANT_CONVERSION = YES;
				CLANG_WARN_DEPRECATED_OBJC_IMPLEMENTATIONS = YES;
				CLANG_WARN_DIRECT_OBJC_ISA_USAGE = YES_ERROR;
				CLANG_WARN_DOCUMENTATION_COMMENTS = YES;
				CLANG_WARN_EMPTY_BODY = YES;
				CLANG_WARN_ENUM_CONVERSION = YES;
				CLANG_WARN_INFINITE_RECURSION = YES;
				CLANG_WARN_INT_CONVERSION = YES;
				CLANG_WARN_NON_LITERAL_NULL_CONVERSION = YES;
				CLANG_WARN_OBJC_IMPLICIT_RETAIN_SELF = YES;
				CLANG_WARN_OBJC_LITERAL_CONVERSION = YES;
				CLANG_WARN_OBJC_ROOT_CLASS = YES_ERROR;
				CLANG_WARN_QUOTED_INCLUDE_IN_FRAMEWORK_HEADER = YES;
				CLANG_WARN_RANGE_LOOP_ANALYSIS = YES;
				CLANG_WARN_STRICT_PROTOTYPES = YES;
				CLANG_WARN_SUSPICIOUS_MOVE = YES;
				CLANG_WARN_UNGUARDED_AVAILABILITY = YES_AGGRESSIVE;
				CLANG_WARN_UNREACHABLE_CODE = YES;
				CLANG_WARN__DUPLICATE_METHOD_MATCH = YES;
				COPY_PHASE_STRIP = NO;
				DEBUG_INFORMATION_FORMAT = dwarf;
				ENABLE_STRICT_OBJC_MSGSEND = YES;
				ENABLE_TESTABILITY = YES;
				GCC_C_LANGUAGE_STANDARD = gnu11;
				GCC_DYNAMIC_NO_PIC = NO;
				GCC_NO_COMMON_BLOCKS = YES;
				GCC_OPTIMIZATION_LEVEL = 0;
				GCC_PREPROCESSOR_DEFINITIONS = (
					"DEBUG=1",
					"$(inherited)",
				);
				GCC_WARN_64_TO_32_BIT_CONVERSION = YES;
				GCC_WARN_ABOUT_RETURN_TYPE = YES_ERROR;
				GCC_WARN_UNDECLARED_SELECTOR = YES;
				GCC_WARN_UNINITIALIZED_AUTOS = YES_AGGRESSIVE;
				GCC_WARN_UNUSED_FUNCTION = YES;
				GCC_WARN_UNUSED_VARIABLE = YES;
				IPHONEOS_DEPLOYMENT_TARGET = 15.4;
				MTL_ENABLE_DEBUG_INFO = INCLUDE_SOURCE;
				MTL_FAST_MATH = YES;
				ONLY_ACTIVE_ARCH = YES;
				SDKROOT = iphoneos;
				SWIFT_ACTIVE_COMPILATION_CONDITIONS = DEBUG;
				SWIFT_OPTIMIZATION_LEVEL = "-Onone";
			};
			name = Debug;
		};
		DA53F3BB28645AF7003D02EF /* Release */ = {
			isa = XCBuildConfiguration;
			buildSettings = {
				ALWAYS_SEARCH_USER_PATHS = NO;
				CLANG_ANALYZER_NONNULL = YES;
				CLANG_ANALYZER_NUMBER_OBJECT_CONVERSION = YES_AGGRESSIVE;
				CLANG_CXX_LANGUAGE_STANDARD = "gnu++17";
				CLANG_ENABLE_MODULES = YES;
				CLANG_ENABLE_OBJC_ARC = YES;
				CLANG_ENABLE_OBJC_WEAK = YES;
				CLANG_WARN_BLOCK_CAPTURE_AUTORELEASING = YES;
				CLANG_WARN_BOOL_CONVERSION = YES;
				CLANG_WARN_COMMA = YES;
				CLANG_WARN_CONSTANT_CONVERSION = YES;
				CLANG_WARN_DEPRECATED_OBJC_IMPLEMENTATIONS = YES;
				CLANG_WARN_DIRECT_OBJC_ISA_USAGE = YES_ERROR;
				CLANG_WARN_DOCUMENTATION_COMMENTS = YES;
				CLANG_WARN_EMPTY_BODY = YES;
				CLANG_WARN_ENUM_CONVERSION = YES;
				CLANG_WARN_INFINITE_RECURSION = YES;
				CLANG_WARN_INT_CONVERSION = YES;
				CLANG_WARN_NON_LITERAL_NULL_CONVERSION = YES;
				CLANG_WARN_OBJC_IMPLICIT_RETAIN_SELF = YES;
				CLANG_WARN_OBJC_LITERAL_CONVERSION = YES;
				CLANG_WARN_OBJC_ROOT_CLASS = YES_ERROR;
				CLANG_WARN_QUOTED_INCLUDE_IN_FRAMEWORK_HEADER = YES;
				CLANG_WARN_RANGE_LOOP_ANALYSIS = YES;
				CLANG_WARN_STRICT_PROTOTYPES = YES;
				CLANG_WARN_SUSPICIOUS_MOVE = YES;
				CLANG_WARN_UNGUARDED_AVAILABILITY = YES_AGGRESSIVE;
				CLANG_WARN_UNREACHABLE_CODE = YES;
				CLANG_WARN__DUPLICATE_METHOD_MATCH = YES;
				COPY_PHASE_STRIP = NO;
				DEBUG_INFORMATION_FORMAT = "dwarf-with-dsym";
				ENABLE_NS_ASSERTIONS = NO;
				ENABLE_STRICT_OBJC_MSGSEND = YES;
				GCC_C_LANGUAGE_STANDARD = gnu11;
				GCC_NO_COMMON_BLOCKS = YES;
				GCC_WARN_64_TO_32_BIT_CONVERSION = YES;
				GCC_WARN_ABOUT_RETURN_TYPE = YES_ERROR;
				GCC_WARN_UNDECLARED_SELECTOR = YES;
				GCC_WARN_UNINITIALIZED_AUTOS = YES_AGGRESSIVE;
				GCC_WARN_UNUSED_FUNCTION = YES;
				GCC_WARN_UNUSED_VARIABLE = YES;
				IPHONEOS_DEPLOYMENT_TARGET = 15.4;
				MTL_ENABLE_DEBUG_INFO = NO;
				MTL_FAST_MATH = YES;
				SDKROOT = iphoneos;
				SWIFT_COMPILATION_MODE = wholemodule;
				SWIFT_OPTIMIZATION_LEVEL = "-O";
				VALIDATE_PRODUCT = YES;
			};
			name = Release;
		};
		DA53F3BD28645AF7003D02EF /* Debug */ = {
			isa = XCBuildConfiguration;
			buildSettings = {
				ASSETCATALOG_COMPILER_APPICON_NAME = AppIcon;
				ASSETCATALOG_COMPILER_GLOBAL_ACCENT_COLOR_NAME = AccentColor;
				CODE_SIGN_ENTITLEMENTS = Formkdiary/Formkdiary.entitlements;
				CODE_SIGN_IDENTITY = "Apple Development";
				CODE_SIGN_STYLE = Automatic;
				CURRENT_PROJECT_VERSION = 1.0.0;
				DEVELOPMENT_ASSET_PATHS = "\"Formkdiary/Preview Content\"";
				DEVELOPMENT_TEAM = P6Z9B6CV2H;
				ENABLE_PREVIEWS = YES;
				GENERATE_INFOPLIST_FILE = YES;
				INFOPLIST_FILE = Formkdiary/Info.plist;
				INFOPLIST_KEY_CFBundleDisplayName = "나름";
				INFOPLIST_KEY_LSApplicationCategoryType = "public.app-category.lifestyle";
				INFOPLIST_KEY_UIApplicationSceneManifest_Generation = YES;
				INFOPLIST_KEY_UIApplicationSupportsIndirectInputEvents = YES;
				INFOPLIST_KEY_UILaunchScreen_Generation = YES;
				INFOPLIST_KEY_UISupportedInterfaceOrientations = UIInterfaceOrientationPortrait;
				INFOPLIST_KEY_UISupportedInterfaceOrientations_iPad = "UIInterfaceOrientationLandscapeLeft UIInterfaceOrientationLandscapeRight UIInterfaceOrientationPortrait UIInterfaceOrientationPortraitUpsideDown";
				IPHONEOS_DEPLOYMENT_TARGET = 16.0;
				LD_RUNPATH_SEARCH_PATHS = (
					"$(inherited)",
					"@executable_path/Frameworks",
				);
				MARKETING_VERSION = 1.0.0;
				PRODUCT_BUNDLE_IDENTIFIER = com.cch.Formkdiary;
				PRODUCT_NAME = "$(TARGET_NAME)";
				PROVISIONING_PROFILE_SPECIFIER = "";
				SUPPORTED_PLATFORMS = "iphoneos iphonesimulator";
				SUPPORTS_MACCATALYST = NO;
				SUPPORTS_MAC_DESIGNED_FOR_IPHONE_IPAD = NO;
				SWIFT_EMIT_LOC_STRINGS = YES;
				SWIFT_VERSION = 5.0;
				TARGETED_DEVICE_FAMILY = "1,2";
			};
			name = Debug;
		};
		DA53F3BE28645AF7003D02EF /* Release */ = {
			isa = XCBuildConfiguration;
			buildSettings = {
				ASSETCATALOG_COMPILER_APPICON_NAME = AppIcon;
				ASSETCATALOG_COMPILER_GLOBAL_ACCENT_COLOR_NAME = AccentColor;
				CODE_SIGN_ENTITLEMENTS = Formkdiary/Formkdiary.entitlements;
				CODE_SIGN_IDENTITY = "Apple Development";
				CODE_SIGN_STYLE = Automatic;
				CURRENT_PROJECT_VERSION = 1.0.0;
				DEVELOPMENT_ASSET_PATHS = "\"Formkdiary/Preview Content\"";
				DEVELOPMENT_TEAM = P6Z9B6CV2H;
				ENABLE_PREVIEWS = YES;
				GENERATE_INFOPLIST_FILE = YES;
				INFOPLIST_FILE = Formkdiary/Info.plist;
				INFOPLIST_KEY_CFBundleDisplayName = "나름";
				INFOPLIST_KEY_LSApplicationCategoryType = "public.app-category.lifestyle";
				INFOPLIST_KEY_UIApplicationSceneManifest_Generation = YES;
				INFOPLIST_KEY_UIApplicationSupportsIndirectInputEvents = YES;
				INFOPLIST_KEY_UILaunchScreen_Generation = YES;
				INFOPLIST_KEY_UISupportedInterfaceOrientations = UIInterfaceOrientationPortrait;
				INFOPLIST_KEY_UISupportedInterfaceOrientations_iPad = "UIInterfaceOrientationLandscapeLeft UIInterfaceOrientationLandscapeRight UIInterfaceOrientationPortrait UIInterfaceOrientationPortraitUpsideDown";
				IPHONEOS_DEPLOYMENT_TARGET = 16.0;
				LD_RUNPATH_SEARCH_PATHS = (
					"$(inherited)",
					"@executable_path/Frameworks",
				);
				MARKETING_VERSION = 1.0.0;
				PRODUCT_BUNDLE_IDENTIFIER = com.cch.Formkdiary;
				PRODUCT_NAME = "$(TARGET_NAME)";
				PROVISIONING_PROFILE_SPECIFIER = "";
				SUPPORTED_PLATFORMS = "iphoneos iphonesimulator";
				SUPPORTS_MACCATALYST = NO;
				SUPPORTS_MAC_DESIGNED_FOR_IPHONE_IPAD = NO;
				SWIFT_EMIT_LOC_STRINGS = YES;
				SWIFT_VERSION = 5.0;
				TARGETED_DEVICE_FAMILY = "1,2";
			};
			name = Release;
		};
/* End XCBuildConfiguration section */

/* Begin XCConfigurationList section */
		DA53F3A428645AF6003D02EF /* Build configuration list for PBXProject "Formkdiary" */ = {
			isa = XCConfigurationList;
			buildConfigurations = (
				DA53F3BA28645AF7003D02EF /* Debug */,
				DA53F3BB28645AF7003D02EF /* Release */,
			);
			defaultConfigurationIsVisible = 0;
			defaultConfigurationName = Release;
		};
		DA53F3BC28645AF7003D02EF /* Build configuration list for PBXNativeTarget "Formkdiary" */ = {
			isa = XCConfigurationList;
			buildConfigurations = (
				DA53F3BD28645AF7003D02EF /* Debug */,
				DA53F3BE28645AF7003D02EF /* Release */,
			);
			defaultConfigurationIsVisible = 0;
			defaultConfigurationName = Release;
		};
/* End XCConfigurationList section */

/* Begin XCVersionGroup section */
		DAD9717128D3E4EF002CABAC /* Formkdiary.xcdatamodeld */ = {
			isa = XCVersionGroup;
			children = (
				DAD9717228D3E4EF002CABAC /* Formkdiary.xcdatamodel */,
			);
			currentVersion = DAD9717228D3E4EF002CABAC /* Formkdiary.xcdatamodel */;
			path = Formkdiary.xcdatamodeld;
			sourceTree = "<group>";
			versionGroupType = wrapper.xcdatamodel;
		};
/* End XCVersionGroup section */
	};
	rootObject = DA53F3A128645AF6003D02EF /* Project object */;
}
